
Microsoft Visual Studio Solution File, Format Version 12.00
# Visual Studio Version 16
VisualStudioVersion = 16.0.32228.343
MinimumVisualStudioVersion = 10.0.40219.1
Project("{9A19103F-16F7-4668-BE54-9A1E7A4F7556}") = "WeatherApi", "WeatherApi\WeatherApi.csproj", "{F4C8F27B-3B0C-4329-A321-815C7ACFAF7A}"
EndProject
Project("{2150E333-8FDC-42A3-9474-1A3956D46DE8}") = "UnitTest", "UnitTest", "{208C1948-21B5-4CA2-9C00-FB8F60F489F2}"
EndProject
Project("{9A19103F-16F7-4668-BE54-9A1E7A4F7556}") = "WeatherApi.UnitTest", "WeatherApi.UnitTest\WeatherApi.UnitTest.csproj", "{256E4C5A-58BD-4EDC-A3D3-D4569DCA1F28}"
	ProjectSection(ProjectDependencies) = postProject
		{F4C8F27B-3B0C-4329-A321-815C7ACFAF7A} = {F4C8F27B-3B0C-4329-A321-815C7ACFAF7A}
	EndProjectSection
EndProject
Global
	GlobalSection(SolutionConfigurationPlatforms) = preSolution
		Debug|Any CPU = Debug|Any CPU
		Release|Any CPU = Release|Any CPU
	EndGlobalSection
	GlobalSection(ProjectConfigurationPlatforms) = postSolution
		{F4C8F27B-3B0C-4329-A321-815C7ACFAF7A}.Debug|Any CPU.ActiveCfg = Debug|Any CPU
		{F4C8F27B-3B0C-4329-A321-815C7ACFAF7A}.Debug|Any CPU.Build.0 = Debug|Any CPU
		{F4C8F27B-3B0C-4329-A321-815C7ACFAF7A}.Release|Any CPU.ActiveCfg = Release|Any CPU
		{F4C8F27B-3B0C-4329-A321-815C7ACFAF7A}.Release|Any CPU.Build.0 = Release|Any CPU
		{256E4C5A-58BD-4EDC-A3D3-D4569DCA1F28}.Debug|Any CPU.ActiveCfg = Debug|Any CPU
		{256E4C5A-58BD-4EDC-A3D3-D4569DCA1F28}.Debug|Any CPU.Build.0 = Debug|Any CPU
		{256E4C5A-58BD-4EDC-A3D3-D4569DCA1F28}.Release|Any CPU.ActiveCfg = Release|Any CPU
		{256E4C5A-58BD-4EDC-A3D3-D4569DCA1F28}.Release|Any CPU.Build.0 = Release|Any CPU
	EndGlobalSection
	GlobalSection(SolutionProperties) = preSolution
		HideSolutionNode = FALSE
	EndGlobalSection
	GlobalSection(NestedProjects) = preSolution
		{256E4C5A-58BD-4EDC-A3D3-D4569DCA1F28} = {208C1948-21B5-4CA2-9C00-FB8F60F489F2}
	EndGlobalSection
	GlobalSection(ExtensibilityGlobals) = postSolution
		SolutionGuid = {9C467EB6-509C-48AA-BE78-9B4372339CB1}
	EndGlobalSection
EndGlobal
